
Microsoft Visual Studio Solution File, Format Version 12.00
# Visual Studio Version 17
VisualStudioVersion = 17.14.36408.4 d17.14
MinimumVisualStudioVersion = 10.0.40219.1
Project("{FAE04EC0-301F-11D3-BF4B-00C04F79EFBC}") = "HW_4", "HW_4.csproj", "{67A4681D-7721-48BF-A331-CB7FE3E115FB}"
EndProject
Global
	GlobalSection(SolutionConfigurationPlatforms) = preSolution
		Debug|Any CPU = Debug|Any CPU
		Release|Any CPU = Release|Any CPU
	EndGlobalSection
	GlobalSection(ProjectConfigurationPlatforms) = postSolution
		{67A4681D-7721-48BF-A331-CB7FE3E115FB}.Debug|Any CPU.ActiveCfg = Debug|Any CPU
		{67A4681D-7721-48BF-A331-CB7FE3E115FB}.Debug|Any CPU.Build.0 = Debug|Any CPU
		{67A4681D-7721-48BF-A331-CB7FE3E115FB}.Release|Any CPU.ActiveCfg = Release|Any CPU
		{67A4681D-7721-48BF-A331-CB7FE3E115FB}.Release|Any CPU.Build.0 = Release|Any CPU
	EndGlobalSection
	GlobalSection(SolutionProperties) = preSolution
		HideSolutionNode = FALSE
	EndGlobalSection
	GlobalSection(ExtensibilityGlobals) = postSolution
		SolutionGuid = {E4CA65B0-57A2-4A2D-A766-B77075BA5400}
	EndGlobalSection
EndGlobal
