
Microsoft Visual Studio Solution File, Format Version 12.00
# Visual Studio Version 17
VisualStudioVersion = 17.14.36408.4 d17.14
MinimumVisualStudioVersion = 10.0.40219.1
Project("{FAE04EC0-301F-11D3-BF4B-00C04F79EFBC}") = "HW_FutureMe", "HW_FutureMe.csproj", "{79AB580A-6F4A-48B8-B086-E25D62A26A0F}"
EndProject
Global
	GlobalSection(SolutionConfigurationPlatforms) = preSolution
		Debug|Any CPU = Debug|Any CPU
		Release|Any CPU = Release|Any CPU
	EndGlobalSection
	GlobalSection(ProjectConfigurationPlatforms) = postSolution
		{79AB580A-6F4A-48B8-B086-E25D62A26A0F}.Debug|Any CPU.ActiveCfg = Debug|Any CPU
		{79AB580A-6F4A-48B8-B086-E25D62A26A0F}.Debug|Any CPU.Build.0 = Debug|Any CPU
		{79AB580A-6F4A-48B8-B086-E25D62A26A0F}.Release|Any CPU.ActiveCfg = Release|Any CPU
		{79AB580A-6F4A-48B8-B086-E25D62A26A0F}.Release|Any CPU.Build.0 = Release|Any CPU
	EndGlobalSection
	GlobalSection(SolutionProperties) = preSolution
		HideSolutionNode = FALSE
	EndGlobalSection
	GlobalSection(ExtensibilityGlobals) = postSolution
		SolutionGuid = {C00D184C-AF76-47B7-84B9-E8E92FE638A8}
	EndGlobalSection
EndGlobal
