
Microsoft Visual Studio Solution File, Format Version 12.00
# Visual Studio Version 17
VisualStudioVersion = 17.14.36408.4 d17.14
MinimumVisualStudioVersion = 10.0.40219.1
Project("{FAE04EC0-301F-11D3-BF4B-00C04F79EFBC}") = "HW_6", "HW_6.csproj", "{BB3B908B-955E-429A-818F-BBD729E3B1C3}"
EndProject
Global
	GlobalSection(SolutionConfigurationPlatforms) = preSolution
		Debug|Any CPU = Debug|Any CPU
		Release|Any CPU = Release|Any CPU
	EndGlobalSection
	GlobalSection(ProjectConfigurationPlatforms) = postSolution
		{BB3B908B-955E-429A-818F-BBD729E3B1C3}.Debug|Any CPU.ActiveCfg = Debug|Any CPU
		{BB3B908B-955E-429A-818F-BBD729E3B1C3}.Debug|Any CPU.Build.0 = Debug|Any CPU
		{BB3B908B-955E-429A-818F-BBD729E3B1C3}.Release|Any CPU.ActiveCfg = Release|Any CPU
		{BB3B908B-955E-429A-818F-BBD729E3B1C3}.Release|Any CPU.Build.0 = Release|Any CPU
	EndGlobalSection
	GlobalSection(SolutionProperties) = preSolution
		HideSolutionNode = FALSE
	EndGlobalSection
	GlobalSection(ExtensibilityGlobals) = postSolution
		SolutionGuid = {11DAEE16-3CDC-4698-A57D-B25434340F8A}
	EndGlobalSection
EndGlobal
