
Microsoft Visual Studio Solution File, Format Version 12.00
# Visual Studio Version 17
VisualStudioVersion = 17.14.36408.4 d17.14
MinimumVisualStudioVersion = 10.0.40219.1
Project("{FAE04EC0-301F-11D3-BF4B-00C04F79EFBC}") = "HW_ViewComponent", "HW_ViewComponent.csproj", "{8D4A367E-0954-41A7-A6FB-9E72298D9314}"
EndProject
Global
	GlobalSection(SolutionConfigurationPlatforms) = preSolution
		Debug|Any CPU = Debug|Any CPU
		Release|Any CPU = Release|Any CPU
	EndGlobalSection
	GlobalSection(ProjectConfigurationPlatforms) = postSolution
		{8D4A367E-0954-41A7-A6FB-9E72298D9314}.Debug|Any CPU.ActiveCfg = Debug|Any CPU
		{8D4A367E-0954-41A7-A6FB-9E72298D9314}.Debug|Any CPU.Build.0 = Debug|Any CPU
		{8D4A367E-0954-41A7-A6FB-9E72298D9314}.Release|Any CPU.ActiveCfg = Release|Any CPU
		{8D4A367E-0954-41A7-A6FB-9E72298D9314}.Release|Any CPU.Build.0 = Release|Any CPU
	EndGlobalSection
	GlobalSection(SolutionProperties) = preSolution
		HideSolutionNode = FALSE
	EndGlobalSection
	GlobalSection(ExtensibilityGlobals) = postSolution
		SolutionGuid = {23681E9C-9DF3-49F8-A654-375DDA2174F0}
	EndGlobalSection
EndGlobal
